
Microsoft Visual Studio Solution File, Format Version 12.00
# Visual Studio Version 17
VisualStudioVersion = 17.5.33627.172
MinimumVisualStudioVersion = 10.0.40219.1
Project("{FAE04EC0-301F-11D3-BF4B-00C04F79EFBC}") = "TaskManager", "TaskManager.csproj", "{31C1C9D4-76E6-40E9-8857-D159192002AE}"
EndProject
Global
	GlobalSection(SolutionConfigurationPlatforms) = preSolution
		Debug|Any CPU = Debug|Any CPU
		Release|Any CPU = Release|Any CPU
	EndGlobalSection
	GlobalSection(ProjectConfigurationPlatforms) = postSolution
		{31C1C9D4-76E6-40E9-8857-D159192002AE}.Debug|Any CPU.ActiveCfg = Debug|Any CPU
		{31C1C9D4-76E6-40E9-8857-D159192002AE}.Debug|Any CPU.Build.0 = Debug|Any CPU
		{31C1C9D4-76E6-40E9-8857-D159192002AE}.Release|Any CPU.ActiveCfg = Release|Any CPU
		{31C1C9D4-76E6-40E9-8857-D159192002AE}.Release|Any CPU.Build.0 = Release|Any CPU
	EndGlobalSection
	GlobalSection(SolutionProperties) = preSolution
		HideSolutionNode = FALSE
	EndGlobalSection
	GlobalSection(ExtensibilityGlobals) = postSolution
		SolutionGuid = {6AE96219-12AF-4818-8BEC-34E6794ED83B}
	EndGlobalSection
EndGlobal
